
Microsoft Visual Studio Solution File, Format Version 12.00
# Visual Studio Version 16
VisualStudioVersion = 16.0.32106.194
MinimumVisualStudioVersion = 10.0.40219.1
Project("{F184B08F-C81C-45F6-A57F-5ABD9991F28F}") = "Kalkulator", "Kalkulator\Kalkulator.vbproj", "{4C81DF21-0A2B-4DDC-BB68-CD7DED29752D}"
EndProject
Global
	GlobalSection(SolutionConfigurationPlatforms) = preSolution
		Debug|Any CPU = Debug|Any CPU
		Release|Any CPU = Release|Any CPU
	EndGlobalSection
	GlobalSection(ProjectConfigurationPlatforms) = postSolution
		{4C81DF21-0A2B-4DDC-BB68-CD7DED29752D}.Debug|Any CPU.ActiveCfg = Debug|Any CPU
		{4C81DF21-0A2B-4DDC-BB68-CD7DED29752D}.Debug|Any CPU.Build.0 = Debug|Any CPU
		{4C81DF21-0A2B-4DDC-BB68-CD7DED29752D}.Release|Any CPU.ActiveCfg = Release|Any CPU
		{4C81DF21-0A2B-4DDC-BB68-CD7DED29752D}.Release|Any CPU.Build.0 = Release|Any CPU
	EndGlobalSection
	GlobalSection(SolutionProperties) = preSolution
		HideSolutionNode = FALSE
	EndGlobalSection
	GlobalSection(ExtensibilityGlobals) = postSolution
		SolutionGuid = {E115D1F1-1817-4FB4-B042-096E03EC0AE0}
	EndGlobalSection
EndGlobal
